
Microsoft Visual Studio Solution File, Format Version 12.00
# Visual Studio Version 16
VisualStudioVersion = 16.0.32228.343
MinimumVisualStudioVersion = 10.0.40219.1
Project("{FAE04EC0-301F-11D3-BF4B-00C04F79EFBC}") = "Exercicio_002", "Exercicio_002.csproj", "{A798CB13-082B-45B1-959E-F98D425F38FA}"
EndProject
Global
	GlobalSection(SolutionConfigurationPlatforms) = preSolution
		Debug|Any CPU = Debug|Any CPU
		Release|Any CPU = Release|Any CPU
	EndGlobalSection
	GlobalSection(ProjectConfigurationPlatforms) = postSolution
		{A798CB13-082B-45B1-959E-F98D425F38FA}.Debug|Any CPU.ActiveCfg = Debug|Any CPU
		{A798CB13-082B-45B1-959E-F98D425F38FA}.Debug|Any CPU.Build.0 = Debug|Any CPU
		{A798CB13-082B-45B1-959E-F98D425F38FA}.Release|Any CPU.ActiveCfg = Release|Any CPU
		{A798CB13-082B-45B1-959E-F98D425F38FA}.Release|Any CPU.Build.0 = Release|Any CPU
	EndGlobalSection
	GlobalSection(SolutionProperties) = preSolution
		HideSolutionNode = FALSE
	EndGlobalSection
	GlobalSection(ExtensibilityGlobals) = postSolution
		SolutionGuid = {6A08D361-A407-40B7-9F2C-5475355E4DF0}
	EndGlobalSection
EndGlobal
